
Microsoft Visual Studio Solution File, Format Version 12.00
# Visual Studio Version 16
VisualStudioVersion = 16.0.30204.135
MinimumVisualStudioVersion = 10.0.40219.1
Project("{8BC9CEB8-8B4A-11D0-8D11-00A0C91BC942}") = "p1_static_stack_template", "p1_static_stack_template.vcxproj", "{D8300C3D-F3F4-4525-9788-707DE4B117DF}"
EndProject
Global
	GlobalSection(SolutionConfigurationPlatforms) = preSolution
		Debug|x64 = Debug|x64
		Debug|x86 = Debug|x86
		Release|x64 = Release|x64
		Release|x86 = Release|x86
	EndGlobalSection
	GlobalSection(ProjectConfigurationPlatforms) = postSolution
		{D8300C3D-F3F4-4525-9788-707DE4B117DF}.Debug|x64.ActiveCfg = Debug|x64
		{D8300C3D-F3F4-4525-9788-707DE4B117DF}.Debug|x64.Build.0 = Debug|x64
		{D8300C3D-F3F4-4525-9788-707DE4B117DF}.Debug|x86.ActiveCfg = Debug|Win32
		{D8300C3D-F3F4-4525-9788-707DE4B117DF}.Debug|x86.Build.0 = Debug|Win32
		{D8300C3D-F3F4-4525-9788-707DE4B117DF}.Release|x64.ActiveCfg = Release|x64
		{D8300C3D-F3F4-4525-9788-707DE4B117DF}.Release|x64.Build.0 = Release|x64
		{D8300C3D-F3F4-4525-9788-707DE4B117DF}.Release|x86.ActiveCfg = Release|Win32
		{D8300C3D-F3F4-4525-9788-707DE4B117DF}.Release|x86.Build.0 = Release|Win32
	EndGlobalSection
	GlobalSection(SolutionProperties) = preSolution
		HideSolutionNode = FALSE
	EndGlobalSection
	GlobalSection(ExtensibilityGlobals) = postSolution
		SolutionGuid = {92FB9948-3E85-48A1-B3E0-3A46AB9AF97C}
	EndGlobalSection
EndGlobal
