
Microsoft Visual Studio Solution File, Format Version 12.00
# Visual Studio Version 16
VisualStudioVersion = 16.0.29613.14
MinimumVisualStudioVersion = 10.0.40219.1
Project("{8BC9CEB8-8B4A-11D0-8D11-00A0C91BC942}") = "test2", "test2.vcxproj", "{9EFECFA9-8F42-4A71-A56D-0DF768A58376}"
EndProject
Global
	GlobalSection(SolutionConfigurationPlatforms) = preSolution
		Debug|x64 = Debug|x64
		Debug|x86 = Debug|x86
		Release|x64 = Release|x64
		Release|x86 = Release|x86
	EndGlobalSection
	GlobalSection(ProjectConfigurationPlatforms) = postSolution
		{9EFECFA9-8F42-4A71-A56D-0DF768A58376}.Debug|x64.ActiveCfg = Debug|x64
		{9EFECFA9-8F42-4A71-A56D-0DF768A58376}.Debug|x64.Build.0 = Debug|x64
		{9EFECFA9-8F42-4A71-A56D-0DF768A58376}.Debug|x86.ActiveCfg = Debug|Win32
		{9EFECFA9-8F42-4A71-A56D-0DF768A58376}.Debug|x86.Build.0 = Debug|Win32
		{9EFECFA9-8F42-4A71-A56D-0DF768A58376}.Release|x64.ActiveCfg = Release|x64
		{9EFECFA9-8F42-4A71-A56D-0DF768A58376}.Release|x64.Build.0 = Release|x64
		{9EFECFA9-8F42-4A71-A56D-0DF768A58376}.Release|x86.ActiveCfg = Release|Win32
		{9EFECFA9-8F42-4A71-A56D-0DF768A58376}.Release|x86.Build.0 = Release|Win32
	EndGlobalSection
	GlobalSection(SolutionProperties) = preSolution
		HideSolutionNode = FALSE
	EndGlobalSection
	GlobalSection(ExtensibilityGlobals) = postSolution
		SolutionGuid = {A45173CC-4E60-4E2D-8DF7-53453175AEF4}
	EndGlobalSection
EndGlobal
